
Microsoft Visual Studio Solution File, Format Version 12.00
# Visual Studio Version 17
VisualStudioVersion = 17.8.34525.116
MinimumVisualStudioVersion = 10.0.40219.1
Project("{FAE04EC0-301F-11D3-BF4B-00C04F79EFBC}") = "OnlineBookStore", "OnlineBookStore\OnlineBookStore.csproj", "{45B0CD20-8D7A-48C7-93E4-CAFCBF8AD1AA}"
EndProject
Global
	GlobalSection(SolutionConfigurationPlatforms) = preSolution
		Debug|Any CPU = Debug|Any CPU
		Release|Any CPU = Release|Any CPU
	EndGlobalSection
	GlobalSection(ProjectConfigurationPlatforms) = postSolution
		{45B0CD20-8D7A-48C7-93E4-CAFCBF8AD1AA}.Debug|Any CPU.ActiveCfg = Debug|Any CPU
		{45B0CD20-8D7A-48C7-93E4-CAFCBF8AD1AA}.Debug|Any CPU.Build.0 = Debug|Any CPU
		{45B0CD20-8D7A-48C7-93E4-CAFCBF8AD1AA}.Release|Any CPU.ActiveCfg = Release|Any CPU
		{45B0CD20-8D7A-48C7-93E4-CAFCBF8AD1AA}.Release|Any CPU.Build.0 = Release|Any CPU
	EndGlobalSection
	GlobalSection(SolutionProperties) = preSolution
		HideSolutionNode = FALSE
	EndGlobalSection
	GlobalSection(ExtensibilityGlobals) = postSolution
		SolutionGuid = {E421C33B-A687-45B3-B6DB-B4E1BA48F649}
	EndGlobalSection
EndGlobal
